
Microsoft Visual Studio Solution File, Format Version 12.00
# Visual Studio 15
Project("{FAE04EC0-301F-11D3-BF4B-00C04F79EFBC}") = "Puppy_AZF_NewContact", "Puppy_AZF_NewContact\Puppy_AZF_NewContact.csproj", "{C734C7BC-58C0-4852-9B3E-C485D7C7FD39}"
EndProject
Project("{FAE04EC0-301F-11D3-BF4B-00C04F79EFBC}") = "Puppy_AZF_NewContact_UnitTest", "Puppy_AZF_NewContact_UnitTest\Puppy_AZF_NewContact_UnitTest.csproj", "{60905157-0227-4707-B634-2035262F395D}"
EndProject
Global
	GlobalSection(SolutionConfigurationPlatforms) = preSolution
		Debug|Any CPU = Debug|Any CPU
		Release|Any CPU = Release|Any CPU
	EndGlobalSection
	GlobalSection(ProjectConfigurationPlatforms) = postSolution
		{C734C7BC-58C0-4852-9B3E-C485D7C7FD39}.Debug|Any CPU.ActiveCfg = Debug|Any CPU
		{C734C7BC-58C0-4852-9B3E-C485D7C7FD39}.Debug|Any CPU.Build.0 = Debug|Any CPU
		{C734C7BC-58C0-4852-9B3E-C485D7C7FD39}.Release|Any CPU.ActiveCfg = Release|Any CPU
		{C734C7BC-58C0-4852-9B3E-C485D7C7FD39}.Release|Any CPU.Build.0 = Release|Any CPU
		{60905157-0227-4707-B634-2035262F395D}.Debug|Any CPU.ActiveCfg = Debug|Any CPU
		{60905157-0227-4707-B634-2035262F395D}.Debug|Any CPU.Build.0 = Debug|Any CPU
		{60905157-0227-4707-B634-2035262F395D}.Release|Any CPU.ActiveCfg = Release|Any CPU
		{60905157-0227-4707-B634-2035262F395D}.Release|Any CPU.Build.0 = Release|Any CPU
	EndGlobalSection
EndGlobal
